Microsoft Visual Studio Solution File, Format Version 12.00
# Visual Studio 15
VisualStudioVersion = 15.0.26228.4
MinimumVisualStudioVersion = 10.0.40219.1
Project("{2150E333-8FDC-42A3-9474-1A3956D46DE8}") = "Solution Items", "Solution Items", "{30C2E2EE-11A2-46DE-A410-AFFD4B1116C6}"
	ProjectSection(SolutionItems) = preProject
		.editorconfig = .editorconfig
		.gitattributes = .gitattributes
		build.cake = build.cake
		cake.config = cake.config
	EndProjectSection
EndProject
Project("{2150E333-8FDC-42A3-9474-1A3956D46DE8}") = "src", "src", "{E4EFD1F1-4672-4CE1-8634-5B12B6FF6BA3}"
EndProject
Project("{2150E333-8FDC-42A3-9474-1A3956D46DE8}") = "test", "test", "{2D4CC67C-4BBC-4800-B051-761E3E5386D2}"
EndProject
Project("{9A19103F-16F7-4668-BE54-9A1E7A4F7556}") = "Localization.AspNetCore.TagHelpers", "src\Localization.AspNetCore.TagHelpers\Localization.AspNetCore.TagHelpers.csproj", "{73047166-1480-4303-9B2D-1ACCF3317C84}"
EndProject
Project("{9A19103F-16F7-4668-BE54-9A1E7A4F7556}") = "Localization.Demo", "src\Localization.Demo\Localization.Demo.csproj", "{4EE6892E-D2DC-4A7C-93B6-4DF090F4C3BB}"
EndProject
Project("{9A19103F-16F7-4668-BE54-9A1E7A4F7556}") = "Localization.AspNetCore.TagHelpers.Tests", "test\Localization.AspNetCore.TagHelpers.Tests\Localization.AspNetCore.TagHelpers.Tests.csproj", "{10E38FB3-4EC8-4A59-94D9-70656BA8E0ED}"
EndProject
Global
	GlobalSection(SolutionConfigurationPlatforms) = preSolution
		Debug|Any CPU = Debug|Any CPU
		Debug|x64 = Debug|x64
		Debug|x86 = Debug|x86
		Release|Any CPU = Release|Any CPU
		Release|x64 = Release|x64
		Release|x86 = Release|x86
	EndGlobalSection
	GlobalSection(ProjectConfigurationPlatforms) = postSolution
		{73047166-1480-4303-9B2D-1ACCF3317C84}.Debug|Any CPU.ActiveCfg = Debug|Any CPU
		{73047166-1480-4303-9B2D-1ACCF3317C84}.Debug|Any CPU.Build.0 = Debug|Any CPU
		{73047166-1480-4303-9B2D-1ACCF3317C84}.Debug|x64.ActiveCfg = Debug|Any CPU
		{73047166-1480-4303-9B2D-1ACCF3317C84}.Debug|x64.Build.0 = Debug|Any CPU
		{73047166-1480-4303-9B2D-1ACCF3317C84}.Debug|x86.ActiveCfg = Debug|Any CPU
		{73047166-1480-4303-9B2D-1ACCF3317C84}.Debug|x86.Build.0 = Debug|Any CPU
		{73047166-1480-4303-9B2D-1ACCF3317C84}.Release|Any CPU.ActiveCfg = Release|Any CPU
		{73047166-1480-4303-9B2D-1ACCF3317C84}.Release|Any CPU.Build.0 = Release|Any CPU
		{73047166-1480-4303-9B2D-1ACCF3317C84}.Release|x64.ActiveCfg = Release|Any CPU
		{73047166-1480-4303-9B2D-1ACCF3317C84}.Release|x64.Build.0 = Release|Any CPU
		{73047166-1480-4303-9B2D-1ACCF3317C84}.Release|x86.ActiveCfg = Release|Any CPU
		{73047166-1480-4303-9B2D-1ACCF3317C84}.Release|x86.Build.0 = Release|Any CPU
		{4EE6892E-D2DC-4A7C-93B6-4DF090F4C3BB}.Debug|Any CPU.ActiveCfg = Debug|Any CPU
		{4EE6892E-D2DC-4A7C-93B6-4DF090F4C3BB}.Debug|Any CPU.Build.0 = Debug|Any CPU
		{4EE6892E-D2DC-4A7C-93B6-4DF090F4C3BB}.Debug|x64.ActiveCfg = Debug|Any CPU
		{4EE6892E-D2DC-4A7C-93B6-4DF090F4C3BB}.Debug|x64.Build.0 = Debug|Any CPU
		{4EE6892E-D2DC-4A7C-93B6-4DF090F4C3BB}.Debug|x86.ActiveCfg = Debug|Any CPU
		{4EE6892E-D2DC-4A7C-93B6-4DF090F4C3BB}.Debug|x86.Build.0 = Debug|Any CPU
		{4EE6892E-D2DC-4A7C-93B6-4DF090F4C3BB}.Release|Any CPU.ActiveCfg = Release|Any CPU
		{4EE6892E-D2DC-4A7C-93B6-4DF090F4C3BB}.Release|Any CPU.Build.0 = Release|Any CPU
		{4EE6892E-D2DC-4A7C-93B6-4DF090F4C3BB}.Release|x64.ActiveCfg = Release|Any CPU
		{4EE6892E-D2DC-4A7C-93B6-4DF090F4C3BB}.Release|x64.Build.0 = Release|Any CPU
		{4EE6892E-D2DC-4A7C-93B6-4DF090F4C3BB}.Release|x86.ActiveCfg = Release|Any CPU
		{4EE6892E-D2DC-4A7C-93B6-4DF090F4C3BB}.Release|x86.Build.0 = Release|Any CPU
		{10E38FB3-4EC8-4A59-94D9-70656BA8E0ED}.Debug|Any CPU.ActiveCfg = Debug|Any CPU
		{10E38FB3-4EC8-4A59-94D9-70656BA8E0ED}.Debug|Any CPU.Build.0 = Debug|Any CPU
		{10E38FB3-4EC8-4A59-94D9-70656BA8E0ED}.Debug|x64.ActiveCfg = Debug|Any CPU
		{10E38FB3-4EC8-4A59-94D9-70656BA8E0ED}.Debug|x64.Build.0 = Debug|Any CPU
		{10E38FB3-4EC8-4A59-94D9-70656BA8E0ED}.Debug|x86.ActiveCfg = Debug|Any CPU
		{10E38FB3-4EC8-4A59-94D9-70656BA8E0ED}.Debug|x86.Build.0 = Debug|Any CPU
		{10E38FB3-4EC8-4A59-94D9-70656BA8E0ED}.Release|Any CPU.ActiveCfg = Release|Any CPU
		{10E38FB3-4EC8-4A59-94D9-70656BA8E0ED}.Release|Any CPU.Build.0 = Release|Any CPU
		{10E38FB3-4EC8-4A59-94D9-70656BA8E0ED}.Release|x64.ActiveCfg = Release|Any CPU
		{10E38FB3-4EC8-4A59-94D9-70656BA8E0ED}.Release|x64.Build.0 = Release|Any CPU
		{10E38FB3-4EC8-4A59-94D9-70656BA8E0ED}.Release|x86.ActiveCfg = Release|Any CPU
		{10E38FB3-4EC8-4A59-94D9-70656BA8E0ED}.Release|x86.Build.0 = Release|Any CPU
	EndGlobalSection
	GlobalSection(SolutionProperties) = preSolution
		HideSolutionNode = FALSE
	EndGlobalSection
	GlobalSection(NestedProjects) = preSolution
		{73047166-1480-4303-9B2D-1ACCF3317C84} = {E4EFD1F1-4672-4CE1-8634-5B12B6FF6BA3}
		{4EE6892E-D2DC-4A7C-93B6-4DF090F4C3BB} = {E4EFD1F1-4672-4CE1-8634-5B12B6FF6BA3}
		{10E38FB3-4EC8-4A59-94D9-70656BA8E0ED} = {2D4CC67C-4BBC-4800-B051-761E3E5386D2}
	EndGlobalSection
	GlobalSection(ExtensibilityGlobals) = postSolution
		SolutionGuid = {9F7CFD0E-AD73-4E8E-9B5B-2A3EA16F13C1}
	EndGlobalSection
EndGlobal
