
Microsoft Visual Studio Solution File, Format Version 12.00
# Visual Studio Version 16
VisualStudioVersion = 16.0.29503.13
MinimumVisualStudioVersion = 10.0.40219.1
Project("{2150E333-8FDC-42A3-9474-1A3956D46DE8}") = "src", "src", "{E4EFD1F1-4672-4CE1-8634-5B12B6FF6BA3}"
EndProject
Project("{2150E333-8FDC-42A3-9474-1A3956D46DE8}") = "test", "test", "{2D4CC67C-4BBC-4800-B051-761E3E5386D2}"
EndProject
Project("{9A19103F-16F7-4668-BE54-9A1E7A4F7556}") = "Localization.AspNetCore.TagHelpers", "src\Localization.AspNetCore.TagHelpers\Localization.AspNetCore.TagHelpers.csproj", "{73047166-1480-4303-9B2D-1ACCF3317C84}"
EndProject
Project("{9A19103F-16F7-4668-BE54-9A1E7A4F7556}") = "Localization.AspNetCore.TagHelpers.Tests", "test\Localization.AspNetCore.TagHelpers.Tests\Localization.AspNetCore.TagHelpers.Tests.csproj", "{10E38FB3-4EC8-4A59-94D9-70656BA8E0ED}"
EndProject
Project("{2150E333-8FDC-42A3-9474-1A3956D46DE8}") = "Demos", "Demos", "{3F2C5F56-F86B-4523-90B6-ED1B24681326}"
EndProject
Project("{9A19103F-16F7-4668-BE54-9A1E7A4F7556}") = "NetCoreApp21", "src\Demos\NetCoreApp21\NetCoreApp21.csproj", "{CD6C520D-B083-43C9-9D87-F0A57758A0E9}"
EndProject
Project("{9A19103F-16F7-4668-BE54-9A1E7A4F7556}") = "NetCoreApp30", "src\Demos\NetCoreApp30\NetCoreApp30.csproj", "{E4FACDE7-5362-4CBE-A089-CB765F2D77BE}"
EndProject
Global
	GlobalSection(SolutionConfigurationPlatforms) = preSolution
		Debug|Any CPU = Debug|Any CPU
		Release|Any CPU = Release|Any CPU
	EndGlobalSection
	GlobalSection(ProjectConfigurationPlatforms) = postSolution
		{73047166-1480-4303-9B2D-1ACCF3317C84}.Debug|Any CPU.ActiveCfg = Debug|Any CPU
		{73047166-1480-4303-9B2D-1ACCF3317C84}.Debug|Any CPU.Build.0 = Debug|Any CPU
		{73047166-1480-4303-9B2D-1ACCF3317C84}.Release|Any CPU.ActiveCfg = Release|Any CPU
		{73047166-1480-4303-9B2D-1ACCF3317C84}.Release|Any CPU.Build.0 = Release|Any CPU
		{10E38FB3-4EC8-4A59-94D9-70656BA8E0ED}.Debug|Any CPU.ActiveCfg = Debug|Any CPU
		{10E38FB3-4EC8-4A59-94D9-70656BA8E0ED}.Debug|Any CPU.Build.0 = Debug|Any CPU
		{10E38FB3-4EC8-4A59-94D9-70656BA8E0ED}.Release|Any CPU.ActiveCfg = Release|Any CPU
		{10E38FB3-4EC8-4A59-94D9-70656BA8E0ED}.Release|Any CPU.Build.0 = Release|Any CPU
		{CD6C520D-B083-43C9-9D87-F0A57758A0E9}.Debug|Any CPU.ActiveCfg = Debug|Any CPU
		{CD6C520D-B083-43C9-9D87-F0A57758A0E9}.Debug|Any CPU.Build.0 = Debug|Any CPU
		{CD6C520D-B083-43C9-9D87-F0A57758A0E9}.Release|Any CPU.ActiveCfg = Release|Any CPU
		{CD6C520D-B083-43C9-9D87-F0A57758A0E9}.Release|Any CPU.Build.0 = Release|Any CPU
		{E4FACDE7-5362-4CBE-A089-CB765F2D77BE}.Debug|Any CPU.ActiveCfg = Debug|Any CPU
		{E4FACDE7-5362-4CBE-A089-CB765F2D77BE}.Debug|Any CPU.Build.0 = Debug|Any CPU
		{E4FACDE7-5362-4CBE-A089-CB765F2D77BE}.Release|Any CPU.ActiveCfg = Release|Any CPU
		{E4FACDE7-5362-4CBE-A089-CB765F2D77BE}.Release|Any CPU.Build.0 = Release|Any CPU
	EndGlobalSection
	GlobalSection(SolutionProperties) = preSolution
		HideSolutionNode = FALSE
	EndGlobalSection
	GlobalSection(NestedProjects) = preSolution
		{73047166-1480-4303-9B2D-1ACCF3317C84} = {E4EFD1F1-4672-4CE1-8634-5B12B6FF6BA3}
		{10E38FB3-4EC8-4A59-94D9-70656BA8E0ED} = {2D4CC67C-4BBC-4800-B051-761E3E5386D2}
		{CD6C520D-B083-43C9-9D87-F0A57758A0E9} = {3F2C5F56-F86B-4523-90B6-ED1B24681326}
		{E4FACDE7-5362-4CBE-A089-CB765F2D77BE} = {3F2C5F56-F86B-4523-90B6-ED1B24681326}
	EndGlobalSection
	GlobalSection(ExtensibilityGlobals) = postSolution
				SolutionGuid = {9F7CFD0E-AD73-4E8E-9B5B-2A3EA16F13C1}
		SolutionGuid = {4247E79A-8745-410B-B37B-516BD0094A78}
	EndGlobalSection
EndGlobal
